
Microsoft Visual Studio Solution File, Format Version 12.00
# Visual Studio Version 17
VisualStudioVersion = 17.0.32014.148
MinimumVisualStudioVersion = 10.0.40219.1
Project("{9A19103F-16F7-4668-BE54-9A1E7A4F7556}") = "ManiaMap", "ManiaMap\ManiaMap.csproj", "{47323A95-F12D-49F1-BED0-CD2C98E4037C}"
EndProject
Project("{FAE04EC0-301F-11D3-BF4B-00C04F79EFBC}") = "ManiaMapTests", "ManiaMapTests\ManiaMapTests.csproj", "{73FBFA5E-B893-429E-9C18-FF6D65742B2C}"
EndProject
Global
	GlobalSection(SolutionConfigurationPlatforms) = preSolution
		Debug|Any CPU = Debug|Any CPU
		Release|Any CPU = Release|Any CPU
	EndGlobalSection
	GlobalSection(ProjectConfigurationPlatforms) = postSolution
		{47323A95-F12D-49F1-BED0-CD2C98E4037C}.Debug|Any CPU.ActiveCfg = Debug|Any CPU
		{47323A95-F12D-49F1-BED0-CD2C98E4037C}.Debug|Any CPU.Build.0 = Debug|Any CPU
		{47323A95-F12D-49F1-BED0-CD2C98E4037C}.Release|Any CPU.ActiveCfg = Release|Any CPU
		{47323A95-F12D-49F1-BED0-CD2C98E4037C}.Release|Any CPU.Build.0 = Release|Any CPU
		{73FBFA5E-B893-429E-9C18-FF6D65742B2C}.Debug|Any CPU.ActiveCfg = Debug|Any CPU
		{73FBFA5E-B893-429E-9C18-FF6D65742B2C}.Debug|Any CPU.Build.0 = Debug|Any CPU
		{73FBFA5E-B893-429E-9C18-FF6D65742B2C}.Release|Any CPU.ActiveCfg = Release|Any CPU
		{73FBFA5E-B893-429E-9C18-FF6D65742B2C}.Release|Any CPU.Build.0 = Release|Any CPU
	EndGlobalSection
	GlobalSection(SolutionProperties) = preSolution
		HideSolutionNode = FALSE
	EndGlobalSection
	GlobalSection(ExtensibilityGlobals) = postSolution
		SolutionGuid = {70759E55-C81A-4066-A4D6-036BE56C547A}
	EndGlobalSection
EndGlobal
